
Microsoft Visual Studio Solution File, Format Version 12.00
# Visual Studio 15
VisualStudioVersion = 15.0.28307.645
MinimumVisualStudioVersion = 10.0.40219.1
Project("{9A19103F-16F7-4668-BE54-9A1E7A4F7556}") = "SjediBa", "SjediBa\SjediBa.csproj", "{277BBBE5-08C8-45A6-B15C-0F927EFF3BF0}"
EndProject
Project("{9A19103F-16F7-4668-BE54-9A1E7A4F7556}") = "api", "Api\api.csproj", "{9A9B9D8C-9FC6-456B-80FA-14C28DBB7442}"
EndProject
Global
	GlobalSection(SolutionConfigurationPlatforms) = preSolution
		Debug|Any CPU = Debug|Any CPU
		Release|Any CPU = Release|Any CPU
	EndGlobalSection
	GlobalSection(ProjectConfigurationPlatforms) = postSolution
		{277BBBE5-08C8-45A6-B15C-0F927EFF3BF0}.Debug|Any CPU.ActiveCfg = Debug|Any CPU
		{277BBBE5-08C8-45A6-B15C-0F927EFF3BF0}.Debug|Any CPU.Build.0 = Debug|Any CPU
		{277BBBE5-08C8-45A6-B15C-0F927EFF3BF0}.Release|Any CPU.ActiveCfg = Release|Any CPU
		{277BBBE5-08C8-45A6-B15C-0F927EFF3BF0}.Release|Any CPU.Build.0 = Release|Any CPU
		{9A9B9D8C-9FC6-456B-80FA-14C28DBB7442}.Debug|Any CPU.ActiveCfg = Debug|Any CPU
		{9A9B9D8C-9FC6-456B-80FA-14C28DBB7442}.Debug|Any CPU.Build.0 = Debug|Any CPU
		{9A9B9D8C-9FC6-456B-80FA-14C28DBB7442}.Release|Any CPU.ActiveCfg = Release|Any CPU
		{9A9B9D8C-9FC6-456B-80FA-14C28DBB7442}.Release|Any CPU.Build.0 = Release|Any CPU
	EndGlobalSection
	GlobalSection(SolutionProperties) = preSolution
		HideSolutionNode = FALSE
	EndGlobalSection
	GlobalSection(ExtensibilityGlobals) = postSolution
		SolutionGuid = {E0D06C20-4C8C-4E14-8F4D-7C73E21456CB}
	EndGlobalSection
EndGlobal
